
Microsoft Visual Studio Solution File, Format Version 12.00
# Visual Studio 2013
VisualStudioVersion = 12.0.40629.0
MinimumVisualStudioVersion = 10.0.40219.1
Project("{2150E333-8FDC-42A3-9474-1A3956D46DE8}") = "BL", "BL", "{44FBCA95-EAB4-4261-8D4E-FA016E2C6F10}"
EndProject
Project("{2150E333-8FDC-42A3-9474-1A3956D46DE8}") = "DAL", "DAL", "{B522845D-9D64-4C77-9E56-F810779548CD}"
EndProject
Project("{2150E333-8FDC-42A3-9474-1A3956D46DE8}") = "Entidades", "Entidades", "{1807C66B-0C79-4798-8A16-9CDBC13F33EF}"
EndProject
Project("{2150E333-8FDC-42A3-9474-1A3956D46DE8}") = "UI", "UI", "{84E7A3B6-7B5B-4DC8-BC0F-D2F75A8A6EEB}"
EndProject
Project("{FAE04EC0-301F-11D3-BF4B-00C04F79EFBC}") = "BL", "BL\BL.csproj", "{1302AE0E-4D28-476E-A2BA-CDE9ABFB4C5F}"
EndProject
Project("{FAE04EC0-301F-11D3-BF4B-00C04F79EFBC}") = "DAL", "DAL\DAL.csproj", "{26ADFC09-ACF8-4D5A-8462-63A04B02BAC5}"
	ProjectSection(ProjectDependencies) = postProject
		{0B83D155-2A2D-4B1E-81CA-0A0B0BBBDDBB} = {0B83D155-2A2D-4B1E-81CA-0A0B0BBBDDBB}
	EndProjectSection
EndProject
Project("{FAE04EC0-301F-11D3-BF4B-00C04F79EFBC}") = "Entidades", "Entidades\Entidades.csproj", "{AB07F896-1B1D-46BD-A511-6721A4EDC98B}"
EndProject
Project("{FAE04EC0-301F-11D3-BF4B-00C04F79EFBC}") = "UI", "UI\UI.csproj", "{526E4967-2313-4871-9D8D-0ACE63230594}"
	ProjectSection(ProjectDependencies) = postProject
		{0B83D155-2A2D-4B1E-81CA-0A0B0BBBDDBB} = {0B83D155-2A2D-4B1E-81CA-0A0B0BBBDDBB}
	EndProjectSection
EndProject
Project("{2150E333-8FDC-42A3-9474-1A3956D46DE8}") = "WebService", "WebService", "{CFCBDC46-20CF-410C-A002-D14302766CAD}"
EndProject
Project("{FAE04EC0-301F-11D3-BF4B-00C04F79EFBC}") = "WebHost", "WebHost\WebHost.csproj", "{0B83D155-2A2D-4B1E-81CA-0A0B0BBBDDBB}"
EndProject
Project("{2150E333-8FDC-42A3-9474-1A3956D46DE8}") = "Service", "Service", "{325228FB-9525-4ED6-B688-EFC7D4C64ED0}"
EndProject
Project("{2150E333-8FDC-42A3-9474-1A3956D46DE8}") = "Host", "Host", "{B253CBF2-3894-4598-B9E3-E83A0BF31919}"
EndProject
Project("{FAE04EC0-301F-11D3-BF4B-00C04F79EFBC}") = "WebServiceApi", "WebServiceApi\WebServiceApi.csproj", "{F06537AB-1AC6-4DBA-B18B-3FF5E2282E18}"
EndProject
Project("{2150E333-8FDC-42A3-9474-1A3956D46DE8}") = "WCFBL", "WCFBL", "{05FA34A7-500C-48F8-AD9A-07F0C68C1EE4}"
EndProject
Project("{FAE04EC0-301F-11D3-BF4B-00C04F79EFBC}") = "WCFBL", "WCFBL\WCFBL.csproj", "{12AFCBE0-1404-45C2-BDB9-5D908AF19866}"
EndProject
Project("{FAE04EC0-301F-11D3-BF4B-00C04F79EFBC}") = "UIWPF", "WpfApplication1\UIWPF.csproj", "{89BBB917-D848-45D1-B332-6BAB24166206}"
	ProjectSection(ProjectDependencies) = postProject
		{0B83D155-2A2D-4B1E-81CA-0A0B0BBBDDBB} = {0B83D155-2A2D-4B1E-81CA-0A0B0BBBDDBB}
	EndProjectSection
EndProject
Global
	GlobalSection(SolutionConfigurationPlatforms) = preSolution
		Debug|Any CPU = Debug|Any CPU
		Release|Any CPU = Release|Any CPU
	EndGlobalSection
	GlobalSection(ProjectConfigurationPlatforms) = postSolution
		{1302AE0E-4D28-476E-A2BA-CDE9ABFB4C5F}.Debug|Any CPU.ActiveCfg = Debug|Any CPU
		{1302AE0E-4D28-476E-A2BA-CDE9ABFB4C5F}.Debug|Any CPU.Build.0 = Debug|Any CPU
		{1302AE0E-4D28-476E-A2BA-CDE9ABFB4C5F}.Release|Any CPU.ActiveCfg = Release|Any CPU
		{1302AE0E-4D28-476E-A2BA-CDE9ABFB4C5F}.Release|Any CPU.Build.0 = Release|Any CPU
		{26ADFC09-ACF8-4D5A-8462-63A04B02BAC5}.Debug|Any CPU.ActiveCfg = Debug|Any CPU
		{26ADFC09-ACF8-4D5A-8462-63A04B02BAC5}.Debug|Any CPU.Build.0 = Debug|Any CPU
		{26ADFC09-ACF8-4D5A-8462-63A04B02BAC5}.Release|Any CPU.ActiveCfg = Release|Any CPU
		{26ADFC09-ACF8-4D5A-8462-63A04B02BAC5}.Release|Any CPU.Build.0 = Release|Any CPU
		{AB07F896-1B1D-46BD-A511-6721A4EDC98B}.Debug|Any CPU.ActiveCfg = Debug|Any CPU
		{AB07F896-1B1D-46BD-A511-6721A4EDC98B}.Debug|Any CPU.Build.0 = Debug|Any CPU
		{AB07F896-1B1D-46BD-A511-6721A4EDC98B}.Release|Any CPU.ActiveCfg = Release|Any CPU
		{AB07F896-1B1D-46BD-A511-6721A4EDC98B}.Release|Any CPU.Build.0 = Release|Any CPU
		{526E4967-2313-4871-9D8D-0ACE63230594}.Debug|Any CPU.ActiveCfg = Debug|Any CPU
		{526E4967-2313-4871-9D8D-0ACE63230594}.Debug|Any CPU.Build.0 = Debug|Any CPU
		{526E4967-2313-4871-9D8D-0ACE63230594}.Release|Any CPU.ActiveCfg = Release|Any CPU
		{526E4967-2313-4871-9D8D-0ACE63230594}.Release|Any CPU.Build.0 = Release|Any CPU
		{0B83D155-2A2D-4B1E-81CA-0A0B0BBBDDBB}.Debug|Any CPU.ActiveCfg = Debug|Any CPU
		{0B83D155-2A2D-4B1E-81CA-0A0B0BBBDDBB}.Debug|Any CPU.Build.0 = Debug|Any CPU
		{0B83D155-2A2D-4B1E-81CA-0A0B0BBBDDBB}.Release|Any CPU.ActiveCfg = Release|Any CPU
		{0B83D155-2A2D-4B1E-81CA-0A0B0BBBDDBB}.Release|Any CPU.Build.0 = Release|Any CPU
		{F06537AB-1AC6-4DBA-B18B-3FF5E2282E18}.Debug|Any CPU.ActiveCfg = Debug|Any CPU
		{F06537AB-1AC6-4DBA-B18B-3FF5E2282E18}.Debug|Any CPU.Build.0 = Debug|Any CPU
		{F06537AB-1AC6-4DBA-B18B-3FF5E2282E18}.Release|Any CPU.ActiveCfg = Release|Any CPU
		{F06537AB-1AC6-4DBA-B18B-3FF5E2282E18}.Release|Any CPU.Build.0 = Release|Any CPU
		{12AFCBE0-1404-45C2-BDB9-5D908AF19866}.Debug|Any CPU.ActiveCfg = Debug|Any CPU
		{12AFCBE0-1404-45C2-BDB9-5D908AF19866}.Debug|Any CPU.Build.0 = Debug|Any CPU
		{12AFCBE0-1404-45C2-BDB9-5D908AF19866}.Release|Any CPU.ActiveCfg = Release|Any CPU
		{12AFCBE0-1404-45C2-BDB9-5D908AF19866}.Release|Any CPU.Build.0 = Release|Any CPU
		{89BBB917-D848-45D1-B332-6BAB24166206}.Debug|Any CPU.ActiveCfg = Debug|Any CPU
		{89BBB917-D848-45D1-B332-6BAB24166206}.Debug|Any CPU.Build.0 = Debug|Any CPU
		{89BBB917-D848-45D1-B332-6BAB24166206}.Release|Any CPU.ActiveCfg = Release|Any CPU
		{89BBB917-D848-45D1-B332-6BAB24166206}.Release|Any CPU.Build.0 = Release|Any CPU
	EndGlobalSection
	GlobalSection(SolutionProperties) = preSolution
		HideSolutionNode = FALSE
	EndGlobalSection
	GlobalSection(NestedProjects) = preSolution
		{1302AE0E-4D28-476E-A2BA-CDE9ABFB4C5F} = {44FBCA95-EAB4-4261-8D4E-FA016E2C6F10}
		{26ADFC09-ACF8-4D5A-8462-63A04B02BAC5} = {B522845D-9D64-4C77-9E56-F810779548CD}
		{AB07F896-1B1D-46BD-A511-6721A4EDC98B} = {1807C66B-0C79-4798-8A16-9CDBC13F33EF}
		{526E4967-2313-4871-9D8D-0ACE63230594} = {84E7A3B6-7B5B-4DC8-BC0F-D2F75A8A6EEB}
		{0B83D155-2A2D-4B1E-81CA-0A0B0BBBDDBB} = {B253CBF2-3894-4598-B9E3-E83A0BF31919}
		{325228FB-9525-4ED6-B688-EFC7D4C64ED0} = {CFCBDC46-20CF-410C-A002-D14302766CAD}
		{B253CBF2-3894-4598-B9E3-E83A0BF31919} = {CFCBDC46-20CF-410C-A002-D14302766CAD}
		{F06537AB-1AC6-4DBA-B18B-3FF5E2282E18} = {325228FB-9525-4ED6-B688-EFC7D4C64ED0}
		{05FA34A7-500C-48F8-AD9A-07F0C68C1EE4} = {CFCBDC46-20CF-410C-A002-D14302766CAD}
		{12AFCBE0-1404-45C2-BDB9-5D908AF19866} = {05FA34A7-500C-48F8-AD9A-07F0C68C1EE4}
		{89BBB917-D848-45D1-B332-6BAB24166206} = {84E7A3B6-7B5B-4DC8-BC0F-D2F75A8A6EEB}
	EndGlobalSection
EndGlobal
